
Microsoft Visual Studio Solution File, Format Version 12.00
# Visual Studio 15
VisualStudioVersion = 15.0.26430.6
MinimumVisualStudioVersion = 10.0.40219.1
Project("{FAE04EC0-301F-11D3-BF4B-00C04F79EFBC}") = "TestConsole", "TestConsole\TestConsole.csproj", "{D88E3760-26F7-400E-8425-D2E728035920}"
EndProject
Project("{FAE04EC0-301F-11D3-BF4B-00C04F79EFBC}") = "TestForConsoleApp", "TestForConsoleApp\TestForConsoleApp.csproj", "{08F79D28-149D-45C0-B2DD-39D7FB5D6A86}"
EndProject
Global
	GlobalSection(SolutionConfigurationPlatforms) = preSolution
		Debug|Any CPU = Debug|Any CPU
		Release|Any CPU = Release|Any CPU
	EndGlobalSection
	GlobalSection(ProjectConfigurationPlatforms) = postSolution
		{D88E3760-26F7-400E-8425-D2E728035920}.Debug|Any CPU.ActiveCfg = Debug|Any CPU
		{D88E3760-26F7-400E-8425-D2E728035920}.Debug|Any CPU.Build.0 = Debug|Any CPU
		{D88E3760-26F7-400E-8425-D2E728035920}.Release|Any CPU.ActiveCfg = Release|Any CPU
		{D88E3760-26F7-400E-8425-D2E728035920}.Release|Any CPU.Build.0 = Release|Any CPU
		{08F79D28-149D-45C0-B2DD-39D7FB5D6A86}.Debug|Any CPU.ActiveCfg = Debug|Any CPU
		{08F79D28-149D-45C0-B2DD-39D7FB5D6A86}.Debug|Any CPU.Build.0 = Debug|Any CPU
		{08F79D28-149D-45C0-B2DD-39D7FB5D6A86}.Release|Any CPU.ActiveCfg = Release|Any CPU
		{08F79D28-149D-45C0-B2DD-39D7FB5D6A86}.Release|Any CPU.Build.0 = Release|Any CPU
	EndGlobalSection
	GlobalSection(SolutionProperties) = preSolution
		HideSolutionNode = FALSE
	EndGlobalSection
EndGlobal
